
Microsoft Visual Studio Solution File, Format Version 11.00
# Visual Studio 2010
Project("{FAE04EC0-301F-11D3-BF4B-00C04F79EFBC}") = "VendingMachine", "VendingMachine\VendingMachine.csproj", "{DC5D07D2-639C-4AED-A3B2-89771ACCE7C9}"
EndProject
Project("{FAE04EC0-301F-11D3-BF4B-00C04F79EFBC}") = "VendingMachine.Tests", "VendingMachine.Tests\VendingMachine.Tests.csproj", "{B67430FB-8274-4104-8731-2E50562C34E1}"
EndProject
Project("{2150E333-8FDC-42A3-9474-1A3956D46DE8}") = "Solution Items", "Solution Items", "{5E85A098-DA1A-48E1-9AA2-4533BD410631}"
	ProjectSection(SolutionItems) = preProject
		Local.testsettings = Local.testsettings
		TraceAndTestImpact.testsettings = TraceAndTestImpact.testsettings
	EndProjectSection
EndProject
Global
	GlobalSection(TestCaseManagementSettings) = postSolution
		CategoryFile = VendingMachine.vsmdi
	EndGlobalSection
	GlobalSection(SolutionConfigurationPlatforms) = preSolution
		Debug|Any CPU = Debug|Any CPU
		Debug|Mixed Platforms = Debug|Mixed Platforms
		Debug|x86 = Debug|x86
		Release|Any CPU = Release|Any CPU
		Release|Mixed Platforms = Release|Mixed Platforms
		Release|x86 = Release|x86
	EndGlobalSection
	GlobalSection(ProjectConfigurationPlatforms) = postSolution
		{DC5D07D2-639C-4AED-A3B2-89771ACCE7C9}.Debug|Any CPU.ActiveCfg = Debug|x86
		{DC5D07D2-639C-4AED-A3B2-89771ACCE7C9}.Debug|Mixed Platforms.ActiveCfg = Debug|x86
		{DC5D07D2-639C-4AED-A3B2-89771ACCE7C9}.Debug|Mixed Platforms.Build.0 = Debug|x86
		{DC5D07D2-639C-4AED-A3B2-89771ACCE7C9}.Debug|x86.ActiveCfg = Debug|x86
		{DC5D07D2-639C-4AED-A3B2-89771ACCE7C9}.Debug|x86.Build.0 = Debug|x86
		{DC5D07D2-639C-4AED-A3B2-89771ACCE7C9}.Release|Any CPU.ActiveCfg = Release|x86
		{DC5D07D2-639C-4AED-A3B2-89771ACCE7C9}.Release|Mixed Platforms.ActiveCfg = Release|x86
		{DC5D07D2-639C-4AED-A3B2-89771ACCE7C9}.Release|Mixed Platforms.Build.0 = Release|x86
		{DC5D07D2-639C-4AED-A3B2-89771ACCE7C9}.Release|x86.ActiveCfg = Release|x86
		{DC5D07D2-639C-4AED-A3B2-89771ACCE7C9}.Release|x86.Build.0 = Release|x86
		{B67430FB-8274-4104-8731-2E50562C34E1}.Debug|Any CPU.ActiveCfg = Debug|Any CPU
		{B67430FB-8274-4104-8731-2E50562C34E1}.Debug|Any CPU.Build.0 = Debug|Any CPU
		{B67430FB-8274-4104-8731-2E50562C34E1}.Debug|Mixed Platforms.ActiveCfg = Debug|Any CPU
		{B67430FB-8274-4104-8731-2E50562C34E1}.Debug|Mixed Platforms.Build.0 = Debug|Any CPU
		{B67430FB-8274-4104-8731-2E50562C34E1}.Debug|x86.ActiveCfg = Debug|Any CPU
		{B67430FB-8274-4104-8731-2E50562C34E1}.Release|Any CPU.ActiveCfg = Release|Any CPU
		{B67430FB-8274-4104-8731-2E50562C34E1}.Release|Any CPU.Build.0 = Release|Any CPU
		{B67430FB-8274-4104-8731-2E50562C34E1}.Release|Mixed Platforms.ActiveCfg = Release|Any CPU
		{B67430FB-8274-4104-8731-2E50562C34E1}.Release|Mixed Platforms.Build.0 = Release|Any CPU
		{B67430FB-8274-4104-8731-2E50562C34E1}.Release|x86.ActiveCfg = Release|Any CPU
	EndGlobalSection
	GlobalSection(SolutionProperties) = preSolution
		HideSolutionNode = FALSE
	EndGlobalSection
EndGlobal
